{
  "version": 4,
  "terraform_version": "1.6.5",
  "serial": 595,
  "lineage": "fa4d41e2-0bdf-009d-f66b-ad4541d6903b",
  "outputs": {},
  "resources": [
    {
      "module": "module.module-eks",
      "mode": "data",
      "type": "aws_iam_policy_document",
      "name": "csi",
      "provider": "provider[\"registry.terraform.io/hashicorp/aws\"]",
      "instances": [
        {
          "schema_version": 0,
          "attributes": {
            "id": "1062364127",
            "json": "{\n  \"Version\": \"2012-10-17\",\n  \"Statement\": [\n    {\n      \"Effect\": \"Allow\",\n      \"Action\": \"sts:AssumeRoleWithWebIdentity\",\n      \"Principal\": {\n        \"Federated\": \"arn:aws:iam::343568180534:oidc-provider/oidc.eks.eu-north-1.amazonaws.com/id/D3E427FE8D6B1C3EA84F5BE4565A38C0\"\n      },\n      \"Condition\": {\n        \"StringEquals\": {\n          \"oidc.eks.eu-north-1.amazonaws.com/id/D3E427FE8D6B1C3EA84F5BE4565A38C0:sub\": \"system:serviceaccount:kube-system:ebs-csi-controller-sa\"\n        }\n      }\n    }\n  ]\n}",
            "override_policy_documents": null,
            "policy_id": null,
            "source_policy_documents": null,
            "statement": [
              {
                "actions": [
                  "sts:AssumeRoleWithWebIdentity"
                ],
                "condition": [
                  {
                    "test": "StringEquals",
                    "values": [
                      "system:serviceaccount:kube-system:ebs-csi-controller-sa"
                    ],
                    "variable": "oidc.eks.eu-north-1.amazonaws.com/id/D3E427FE8D6B1C3EA84F5BE4565A38C0:sub"
                  }
                ],
                "effect": "Allow",
                "not_actions": [],
                "not_principals": [],
                "not_resources": [],
                "principals": [
                  {
                    "identifiers": [
                      "arn:aws:iam::343568180534:oidc-provider/oidc.eks.eu-north-1.amazonaws.com/id/D3E427FE8D6B1C3EA84F5BE4565A38C0"
                    ],
                    "type": "Federated"
                  }
                ],
                "resources": [],
                "sid": ""
              }
            ],
            "version": "2012-10-17"
          },
          "sensitive_attributes": []
        }
      ]
    },
    {
      "module": "module.module-eks",
      "mode": "data",
      "type": "tls_certificate",
      "name": "eks",
      "provider": "provider[\"registry.terraform.io/hashicorp/tls\"]",
      "instances": [
        {
          "schema_version": 0,
          "attributes": {
            "certificates": [
              {
                "cert_pem": "-----BEGIN CERTIFICATE-----\nMIIEdTCCA12gAwIBAgIJAKcOSkw0grd/MA0GCSqGSIb3DQEBCwUAMGgxCzAJBgNV\nBAYTAlVTMSUwIwYDVQQKExxTdGFyZmllbGQgVGVjaG5vbG9naWVzLCBJbmMuMTIw\nMAYDVQQLEylTdGFyZmllbGQgQ2xhc3MgMiBDZXJ0aWZpY2F0aW9uIEF1dGhvcml0\neTAeFw0wOTA5MDIwMDAwMDBaFw0zNDA2MjgxNzM5MTZaMIGYMQswCQYDVQQGEwJV\nUzEQMA4GA1UECBMHQXJpem9uYTETMBEGA1UEBxMKU2NvdHRzZGFsZTElMCMGA1UE\nChMcU3RhcmZpZWxkIFRlY2hub2xvZ2llcywgSW5jLjE7MDkGA1UEAxMyU3RhcmZp\nZWxkIFNlcnZpY2VzIFJvb3QgQ2VydGlmaWNhdGUgQXV0aG9yaXR5IC0gRzIwggEi\nMA0GCSqGSIb3DQEBAQUAA4IBDwAwggEKAoIBAQDVDDrEKvlO4vW+GZdfjohTsR8/\ny8+fIBNtKTrID30892t2OGPZNmCom15cAICyL1l/9of5JUOG52kbUpqQ4XHj2C0N\nTm/2yEnZtvMaVq4rtnQU68/7JuMauh2WLmo7WJSJR1b/JaCTcFOD2oR0FMNnngRo\nOt+OQFodSk7PQ5E751bWAHDLUu57fa4657wx+UX2wmDPE1kCK4DMNEffud6QZW0C\nzyyRpqbn3oUYSXxmTqM6bam17jQuug0DuDPfR+uxa40l2ZvOgdFFRjKWcIfeAg5J\nQ4W2bHO7ZOphQazJ1FTfhy/HIrImzJ9ZVGif/L4qL8RVHHVAYBeFAlU5i38FAgMB\nAAGjgfAwge0wDwYDVR0TAQH/BAUwAwEB/zAOBgNVHQ8BAf8EBAMCAYYwHQYDVR0O\nBBYEFJxfAN+qAdcwKziIorhtSpzyEZGDMB8GA1UdIwQYMBaAFL9ft9HO3R+G9FtV\nrNzXEMIOqYjnME8GCCsGAQUFBwEBBEMwQTAcBggrBgEFBQcwAYYQaHR0cDovL28u\nc3MyLnVzLzAhBggrBgEFBQcwAoYVaHR0cDovL3guc3MyLnVzL3guY2VyMCYGA1Ud\nHwQfMB0wG6AZoBeGFWh0dHA6Ly9zLnNzMi51cy9yLmNybDARBgNVHSAECjAIMAYG\nBFUdIAAwDQYJKoZIhvcNAQELBQADggEBACMd44pXyn3pF3lM8R5V/cxTbj5HD9/G\nVfKyBDbtgB9TxF00KGu+x1X8Z+rLP3+QsjPNG1gQggL4+C/1E2DUBc7xgQjB3ad1\nl08YuW3e95ORCLp+QCztweq7dp4zBncdDQh/U90bZKuCJ/Fp1U1ervShw3WnWEQt\n8jxwmKy6abaVd38PMV4s/KCHOkdp8Hlf9BRUpJVeEXgSYCfOn8J3/yNTd126/+pZ\n59vPr5KW7ySaNRB6nJHGDn2Z9j8Z3/VyVOEVqQdZe4O/Ui5GjLIAZHYcSNPYeehu\nVsyuLAOQ1xk4meTKCRlb/weWsKh/NEnfVqn3sF/tM+2MR7cwA130A4w=\n-----END CERTIFICATE-----\n",
                "is_ca": true,
                "issuer": "OU=Starfield Class 2 Certification Authority,O=Starfield Technologies\\, Inc.,C=US",
                "not_after": "2034-06-28T17:39:16Z",
                "not_before": "2009-09-02T00:00:00Z",
                "public_key_algorithm": "RSA",
                "serial_number": "12037640545166866303",
                "sha1_fingerprint": "9e99a48a9960b14926bb7f3b02e22da2b0ab7280",
                "signature_algorithm": "SHA256-RSA",
                "subject": "CN=Starfield Services Root Certificate Authority - G2,O=Starfield Technologies\\, Inc.,L=Scottsdale,ST=Arizona,C=US",
                "version": 3
              },
              {
                "cert_pem": "-----BEGIN CERTIFICATE-----\nMIIEkjCCA3qgAwIBAgITBn+USionzfP6wq4rAfkI7rnExjANBgkqhkiG9w0BAQsF\nADCBmDELMAkGA1UEBhMCVVMxEDAOBgNVBAgTB0FyaXpvbmExEzARBgNVBAcTClNj\nb3R0c2RhbGUxJTAjBgNVBAoTHFN0YXJmaWVsZCBUZWNobm9sb2dpZXMsIEluYy4x\nOzA5BgNVBAMTMlN0YXJmaWVsZCBTZXJ2aWNlcyBSb290IENlcnRpZmljYXRlIEF1\ndGhvcml0eSAtIEcyMB4XDTE1MDUyNTEyMDAwMFoXDTM3MTIzMTAxMDAwMFowOTEL\nMAkGA1UEBhMCVVMxDzANBgNVBAoTBkFtYXpvbjEZMBcGA1UEAxMQQW1hem9uIFJv\nb3QgQ0EgMTCCASIwDQYJKoZIhvcNAQEBBQADggEPADCCAQoCggEBALJ4gHHKeNXj\nca9HgFB0fW7Y14h29Jlo91ghYPl0hAEvrAIthtOgQ3pOsqTQNroBvo3bSMgHFzZM\n9O6II8c+6zf1tRn4SWiw3te5djgdYZ6k/oI2peVKVuRF4fn9tBb6dNqcmzU5L/qw\nIFAGbHrQgLKm+a/sRxmPUDgH3KKHOVj4utWp+UhnMJbulHheb4mjUcAwhmahRWa6\nVOujw5H5SNz/0egwLX0tdHA114gk957EWW67c4cX8jJGKLhD+rcdqsq08p8kDi1L\n93FcXmn/6pUCyziKrlA4b9v7LWIbxcceVOF34GfID5yHI9Y/QCB/IIDEgEw+OyQm\njgSubJrIqg0CAwEAAaOCATEwggEtMA8GA1UdEwEB/wQFMAMBAf8wDgYDVR0PAQH/\nBAQDAgGGMB0GA1UdDgQWBBSEGMyFNOy8DJSULghZnMeyEE4KCDAfBgNVHSMEGDAW\ngBScXwDfqgHXMCs4iKK4bUqc8hGRgzB4BggrBgEFBQcBAQRsMGowLgYIKwYBBQUH\nMAGGImh0dHA6Ly9vY3NwLnJvb3RnMi5hbWF6b250cnVzdC5jb20wOAYIKwYBBQUH\nMAKGLGh0dHA6Ly9jcnQucm9vdGcyLmFtYXpvbnRydXN0LmNvbS9yb290ZzIuY2Vy\nMD0GA1UdHwQ2MDQwMqAwoC6GLGh0dHA6Ly9jcmwucm9vdGcyLmFtYXpvbnRydXN0\nLmNvbS9yb290ZzIuY3JsMBEGA1UdIAQKMAgwBgYEVR0gADANBgkqhkiG9w0BAQsF\nAAOCAQEAYjdCXLwQtT6LLOkMm2xF4gcAevnFWAu5CIw+7bMlPLVvUOTNNWqnkzSW\nMiGpSESrnO09tKpzbeR/FoCJbM8oAxiDR3mjEH4wW6w7sGDgd9QIpuEdfF7Au/ma\neyKdpwAJfqxGF4PcnCZXmTA5YpaP7dreqsXMGz7KQ2hsVxa81Q4gLv7/wmpdLqBK\nbRRYh5TmOTFffHPLkIhqhBGWJ6bt2YFGpn6jcgAKUj6DiAdjd4lpFw85hdKrCEVN\n0FE6/V1dN2RMfjCyVSRCnTawXZwXgWHxyvkQAiSr6w10kY17RSlQOYiypok1JR4U\nakcjMS9cmvqtmg5iUaQqqcT5NJ0hGA==\n-----END CERTIFICATE-----\n",
                "is_ca": true,
                "issuer": "CN=Starfield Services Root Certificate Authority - G2,O=Starfield Technologies\\, Inc.,L=Scottsdale,ST=Arizona,C=US",
                "not_after": "2037-12-31T01:00:00Z",
                "not_before": "2015-05-25T12:00:00Z",
                "public_key_algorithm": "RSA",
                "serial_number": "144918191876577076464031512351042010504348870",
                "sha1_fingerprint": "06b25927c42a721631c1efd9431e648fa62e1e39",
                "signature_algorithm": "SHA256-RSA",
                "subject": "CN=Amazon Root CA 1,O=Amazon,C=US",
                "version": 3
              },
              {
                "cert_pem": "-----BEGIN CERTIFICATE-----\nMIIEXjCCA0agAwIBAgITB3MSOAudZoijOx7Zv5zNpo4ODzANBgkqhkiG9w0BAQsF\nADA5MQswCQYDVQQGEwJVUzEPMA0GA1UEChMGQW1hem9uMRkwFwYDVQQDExBBbWF6\nb24gUm9vdCBDQSAxMB4XDTIyMDgyMzIyMjEyOFoXDTMwMDgyMzIyMjEyOFowPDEL\nMAkGA1UEBhMCVVMxDzANBgNVBAoTBkFtYXpvbjEcMBoGA1UEAxMTQW1hem9uIFJT\nQSAyMDQ4IE0wMTCCASIwDQYJKoZIhvcNAQEBBQADggEPADCCAQoCggEBAOtxLKnL\nH4gokjIwr4pXD3i3NyWVVYesZ1yX0yLI2qIUZ2t88Gfa4gMqs1YSXca1R/lnCKeT\nepWSGA+0+fkQNpp/L4C2T7oTTsddUx7g3ZYzByDTlrwS5HRQQqEFE3O1T5tEJP4t\nf+28IoXsNiEzl3UGzicYgtzj2cWCB41eJgEmJmcf2T8TzzK6a614ZPyq/w4CPAff\nnAV4coz96nW3AyiE2uhuB4zQUIXvgVSycW7sbWLvj5TDXunEpNCRwC4kkZjK7rol\njtT2cbb7W2s4Bkg3R42G3PLqBvt2N32e/0JOTViCk8/iccJ4sXqrS1uUN4iB5Nmv\nJK74csVl+0u0UecCAwEAAaOCAVowggFWMBIGA1UdEwEB/wQIMAYBAf8CAQAwDgYD\nVR0PAQH/BAQDAgGGMB0GA1UdJQQWMBQGCCsGAQUFBwMBBggrBgEFBQcDAjAdBgNV\nHQ4EFgQUgbgOY4qJEhjl+js7UJWf5uWQE4UwHwYDVR0jBBgwFoAUhBjMhTTsvAyU\nlC4IWZzHshBOCggwewYIKwYBBQUHAQEEbzBtMC8GCCsGAQUFBzABhiNodHRwOi8v\nb2NzcC5yb290Y2ExLmFtYXpvbnRydXN0LmNvbTA6BggrBgEFBQcwAoYuaHR0cDov\nL2NydC5yb290Y2ExLmFtYXpvbnRydXN0LmNvbS9yb290Y2ExLmNlcjA/BgNVHR8E\nODA2MDSgMqAwhi5odHRwOi8vY3JsLnJvb3RjYTEuYW1hem9udHJ1c3QuY29tL3Jv\nb3RjYTEuY3JsMBMGA1UdIAQMMAowCAYGZ4EMAQIBMA0GCSqGSIb3DQEBCwUAA4IB\nAQCtAN4CBSMuBjJitGuxlBbkEUDeK/pZwTXv4KqPK0G50fOHOQAd8j21p0cMBgbG\nkfMHVwLU7b0XwZCav0h1ogdPMN1KakK1DT0VwA/+hFvGPJnMV1Kx2G4S1ZaSk0uU\n5QfoiYIIano01J5k4T2HapKQmmOhS/iPtuo00wW+IMLeBuKMn3OLn005hcrOGTad\nhcmeyfhQP7Z+iKHvyoQGi1C0ClymHETx/chhQGDyYSWqB/THwnN15AwLQo0E5V9E\nSJlbe4mBlqeInUsNYugExNf+tOiybcrswBy8OFsd34XOW3rjSUtsuafd9AWySa3h\nxRRrwszrzX/WWGm6wyB+f7C4\n-----END CERTIFICATE-----\n",
                "is_ca": true,
                "issuer": "CN=Amazon Root CA 1,O=Amazon,C=US",
                "not_after": "2030-08-23T22:21:28Z",
                "not_before": "2022-08-23T22:21:28Z",
                "public_key_algorithm": "RSA",
                "serial_number": "166129328851546858514271303855646110030630415",
                "sha1_fingerprint": "2ad974a775f73cbdbbd8f5ac3a49255fa8fb1f8c",
                "signature_algorithm": "SHA256-RSA",
                "subject": "CN=Amazon RSA 2048 M01,O=Amazon,C=US",
                "version": 3
              },
              {
                "cert_pem": "-----BEGIN CERTIFICATE-----\nMIIF7zCCBNegAwIBAgIQBvxuSH0EiyuI9CHsok7t+TANBgkqhkiG9w0BAQsFADA8\nMQswCQYDVQQGEwJVUzEPMA0GA1UEChMGQW1hem9uMRwwGgYDVQQDExNBbWF6b24g\nUlNBIDIwNDggTTAxMB4XDTIzMDQxMzAwMDAwMFoXDTI0MDUxMTIzNTk1OVowLDEq\nMCgGA1UEAxMhb2lkYy5la3MuZXUtbm9ydGgtMS5hbWF6b25hd3MuY29tMIIBIjAN\nBgkqhkiG9w0BAQEFAAOCAQ8AMIIBCgKCAQEAtvabdGNzCnsDvjIQrU9blia6La6+\n9mK3BqJfBBpeZ9sS4pEqceftxo/48Jj+ruymgkGtgL535Hq9WPZTK3+NXhm78Nj3\ndoDCzvoeGpk/WzZaAh9vC25hba+9j/Jv6NEFyAQq9S1+dSpR7S0Uxh8E/UekdsRg\nNOva+BlWZQCN/uz6hFRI3JPJ+olbXeUJrs12oxyrm8imDFpuMLn395PjAdxNCgDk\nbUxlH3gIwtRDriJtRPsK7awXNukfHVySDY6WrIhXn/0g89BLHU2BaMUWoZDjXG8X\nHozhpYRn01TpXDyfH+gRVtCciIXAWRywiYKk3DVh4Ui3gzckl/xtwuAZCQIDAQAB\no4IC+zCCAvcwHwYDVR0jBBgwFoAUgbgOY4qJEhjl+js7UJWf5uWQE4UwHQYDVR0O\nBBYEFK/SBm8is6Y77guLY1TgHG297xE5MCwGA1UdEQQlMCOCIW9pZGMuZWtzLmV1\nLW5vcnRoLTEuYW1hem9uYXdzLmNvbTAOBgNVHQ8BAf8EBAMCBaAwHQYDVR0lBBYw\nFAYIKwYBBQUHAwEGCCsGAQUFBwMCMDsGA1UdHwQ0MDIwMKAuoCyGKmh0dHA6Ly9j\ncmwucjJtMDEuYW1hem9udHJ1c3QuY29tL3IybTAxLmNybDATBgNVHSAEDDAKMAgG\nBmeBDAECATB1BggrBgEFBQcBAQRpMGcwLQYIKwYBBQUHMAGGIWh0dHA6Ly9vY3Nw\nLnIybTAxLmFtYXpvbnRydXN0LmNvbTA2BggrBgEFBQcwAoYqaHR0cDovL2NydC5y\nMm0wMS5hbWF6b250cnVzdC5jb20vcjJtMDEuY2VyMAwGA1UdEwEB/wQCMAAwggF/\nBgorBgEEAdZ5AgQCBIIBbwSCAWsBaQB3AO7N0GTV2xrOxVy3nbTNE6Iyh0Z8vOze\nw1FIWUZxH7WbAAABh3f6ouEAAAQDAEgwRgIhAP+wnWwthl/UEMWgZhGH20pp764R\nsaxS/kg4maUgOStYAiEA5XSIAJizCNP3+qhVzG8x/GM4zM0O0hhvrYMZ9ZnSqcMA\ndgBz2Z6JG0yWeKAgfUed5rLGHNBRXnEZKoxrgBB6wXdytQAAAYd3+qLMAAAEAwBH\nMEUCIQC4o6fCnoFj28nNfA45q1h0FiXrZAB97Ts5zNg9o0OWmwIgMU7XwsMM2Q4T\ni+FKiNywvSNdmJGRba+cnhLn9Rhlz5EAdgBIsONr2qZHNA/lagL6nTDrHFIBy1bd\nLIHZu7+rOdiEcwAAAYd3+qKpAAAEAwBHMEUCIBx6w2sGU1QSuBkbK8UQMNvotJQ0\nIQ7o6MWTl+KqkCGMAiEAkyYuWLIThmentft1WGFmWe6ln/d737l4SErOmeZfvLMw\nDQYJKoZIhvcNAQELBQADggEBAJ+4HhVVSAOWHGvHqAVvd8mAjNpU3+2OUeh7K3vr\nieV0xqlUSjt/M5D+595bMUDA4XxP3TJ0/TMt9ySIjGyGunUNYP2MDFGQYUhCV1zj\ni8ssazzT52LoQ8D3jl1yIBGU9DFjNAudw9iQ2oIeQLaoWOEtAzU7auiHZe4kcTsb\nYJBP+0MVYdaLoqstYHkLcX6RMJT2TdN4SsKaU96DSMB2KkG3cfQnrVHvF9MON7Xm\ny1uuittglzMIbwhl4k7rPmBwxjTK63nlmqR45IWp2EbYRLMMePLnvOK1uMXFy941\nz5SHEdhPnICwiouPtGPTQ0oo4FBdL+NBVX3KUIyvE5S/GOg=\n-----END CERTIFICATE-----\n",
                "is_ca": false,
                "issuer": "CN=Amazon RSA 2048 M01,O=Amazon,C=US",
                "not_after": "2024-05-11T23:59:59Z",
                "not_before": "2023-04-13T00:00:00Z",
                "public_key_algorithm": "RSA",
                "serial_number": "9286063591235493653557724510637977081",
                "sha1_fingerprint": "24b073c8f78f80bfea0f621613c13c87d9f14504",
                "signature_algorithm": "SHA256-RSA",
                "subject": "CN=oidc.eks.eu-north-1.amazonaws.com",
                "version": 3
              }
            ],
            "content": null,
            "id": "5007ea61dfb4fcd4db18c0c232d56bef3b07d3dc",
            "url": "https://oidc.eks.eu-north-1.amazonaws.com/id/D3E427FE8D6B1C3EA84F5BE4565A38C0",
            "verify_chain": true
          },
          "sensitive_attributes": []
        }
      ]
    },
    {
      "module": "module.module-eks",
      "mode": "managed",
      "type": "aws_eip",
      "name": "nat",
      "provider": "provider[\"registry.terraform.io/hashicorp/aws\"]",
      "instances": [
        {
          "schema_version": 0,
          "attributes": {
            "address": null,
            "allocation_id": "eipalloc-0159658d0b1b959d5",
            "associate_with_private_ip": null,
            "association_id": "eipassoc-072b8ffbe29501558",
            "carrier_ip": "",
            "customer_owned_ip": "",
            "customer_owned_ipv4_pool": "",
            "domain": "vpc",
            "id": "eipalloc-0159658d0b1b959d5",
            "instance": "",
            "network_border_group": "eu-north-1",
            "network_interface": "eni-0a3e239057a822f03",
            "private_dns": "ip-10-0-101-124.eu-north-1.compute.internal",
            "private_ip": "10.0.101.124",
            "public_dns": "ec2-13-48-41-81.eu-north-1.compute.amazonaws.com",
            "public_ip": "13.48.41.81",
            "public_ipv4_pool": "amazon",
            "tags": {},
            "tags_all": {},
            "timeouts": null,
            "vpc": true
          },
          "sensitive_attributes": [],
          "private": "eyJlMmJmYjczMC1lY2FhLTExZTYtOGY4OC0zNDM2M2JjN2M0YzAiOnsiZGVsZXRlIjoxODAwMDAwMDAwMDAsInJlYWQiOjkwMDAwMDAwMDAwMCwidXBkYXRlIjozMDAwMDAwMDAwMDB9fQ=="
        }
      ]
    },
    {
      "module": "module.module-eks",
      "mode": "managed",
      "type": "aws_eks_addon",
      "name": "csi_driver",
      "provider": "provider[\"registry.terraform.io/hashicorp/aws\"]",
      "instances": [
        {
          "schema_version": 0,
          "attributes": {
            "addon_name": "aws-ebs-csi-driver",
            "addon_version": "v1.26.1-eksbuild.1",
            "arn": "arn:aws:eks:eu-north-1:343568180534:addon/tagal-eks/aws-ebs-csi-driver/58c6d6a5-fd14-bbc8-9b88-7431fbd5220a",
            "cluster_name": "tagal-eks",
            "configuration_values": "",
            "created_at": "2024-02-15T15:04:14Z",
            "id": "tagal-eks:aws-ebs-csi-driver",
            "modified_at": "2024-02-15T15:19:18Z",
            "preserve": null,
            "resolve_conflicts": "OVERWRITE",
            "resolve_conflicts_on_create": null,
            "resolve_conflicts_on_update": null,
            "service_account_role_arn": "arn:aws:iam::343568180534:role/eks-ebs-csi-driver",
            "tags": {},
            "tags_all": {},
            "timeouts": null
          },
          "sensitive_attributes": [],
          "private": "eyJlMmJmYjczMC1lY2FhLTExZTYtOGY4OC0zNDM2M2JjN2M0YzAiOnsiY3JlYXRlIjoxMjAwMDAwMDAwMDAwLCJkZWxldGUiOjI0MDAwMDAwMDAwMDAsInVwZGF0ZSI6MTIwMDAwMDAwMDAwMH19",
          "dependencies": [
            "module.module-eks.aws_eks_cluster.tagal-eks",
            "module.module-eks.aws_iam_openid_connect_provider.eks",
            "module.module-eks.aws_iam_role.eks-role",
            "module.module-eks.aws_iam_role.eks_ebs_csi_driver",
            "module.module-eks.aws_iam_role_policy_attachment.tagal-AmazonEKSClusterPolicy",
            "module.module-eks.aws_subnet.main-private-1",
            "module.module-eks.aws_subnet.main-private-2",
            "module.module-eks.aws_subnet.main-private-3",
            "module.module-eks.aws_subnet.main-public-1",
            "module.module-eks.aws_subnet.main-public-2",
            "module.module-eks.aws_subnet.main-public-3",
            "module.module-eks.aws_vpc.main",
            "module.module-eks.data.aws_iam_policy_document.csi",
            "module.module-eks.data.tls_certificate.eks"
          ]
        }
      ]
    },
    {
      "module": "module.module-eks",
      "mode": "managed",
      "type": "aws_eks_cluster",
      "name": "tagal-eks",
      "provider": "provider[\"registry.terraform.io/hashicorp/aws\"]",
      "instances": [
        {
          "schema_version": 0,
          "attributes": {
            "access_config": [
              {
                "authentication_mode": "CONFIG_MAP",
                "bootstrap_cluster_creator_admin_permissions": false
              }
            ],
            "arn": "arn:aws:eks:eu-north-1:343568180534:cluster/tagal-eks",
            "certificate_authority": [
              {
                "data": "LS0tLS1CRUdJTiBDRVJUSUZJQ0FURS0tLS0tCk1JSURCVENDQWUyZ0F3SUJBZ0lJWXlTWnRsa1hVREV3RFFZSktvWklodmNOQVFFTEJRQXdGVEVUTUJFR0ExVUUKQXhNS2EzVmlaWEp1WlhSbGN6QWVGdzB5TkRBeU1UVXhORFUyTWpaYUZ3MHpOREF5TVRJeE5UQXhNalphTUJVeApFekFSQmdOVkJBTVRDbXQxWW1WeWJtVjBaWE13Z2dFaU1BMEdDU3FHU0liM0RRRUJBUVVBQTRJQkR3QXdnZ0VLCkFvSUJBUURkWDkxNTYrWWlBWDVhK291M3ZrYmJPbENzaEQ4WXZ0ZTJqd1ZrWUYwQ0NRSmxrcjcwdERMWnd2QmkKOHdleHVSUUdvV0FLM0RhWjJZekYwc1RBMTMwdEFXbkYzQ042ZkJqWTVRUVFNcVFPSU9tUVhTaUxXZ1g4eExJdgpadFQ5bFZ5T3hjVDhLTkdsUnFQZDRSZ3dLejhjeFlJam9zS1JrTTJwcVAxWktlRTFIQUlmRHgyR2hZeDJIZXZYCkIrTk9DMSt6SGwvemE3MTFOUHdUZWVZdFA5QlV1bHNhV2Ftc0N1WnQ4QWl1aGUrenRnNkdmT0VHMjZVVDdPbDIKZGhCTFhCZXdkaHNleWFmOHI4RSt4RDVNcHRYNUZSbi9DNHlrSFh2YlU2OThMcHlHb2NaMzJwTkV0UU96am9zagpqcDZjMEd2SnozME9VelA0RVlTSHRjOFVGVDF6QWdNQkFBR2pXVEJYTUE0R0ExVWREd0VCL3dRRUF3SUNwREFQCkJnTlZIUk1CQWY4RUJUQURBUUgvTUIwR0ExVWREZ1FXQkJUenlIeEl0Nk1hOVBRbW1QTzNEY05WdXk4UkN6QVYKQmdOVkhSRUVEakFNZ2dwcmRXSmxjbTVsZEdWek1BMEdDU3FHU0liM0RRRUJDd1VBQTRJQkFRQ3NZVG4xUFdqNgpxR2NzSUp2UVlFMEZvTDM1K3cyZDZtaS9oUmI3dmo0OW9tUVJ1eWE5VW1PaGcxQXhPbnBCZnoxN2FZbmZWV2dCCnR0UGJVVXBLc0hNME1PaHpvK0svVDZtUzFkL04yRGt2RWYxWVpFV21zamNzWWo5K0RGTG01UndqYUFsTDZKSjEKNDdLSHpUMitZalhMK1lsaGQyM1poY1hoRnJEaUQzL2x3QzBDUW1uYUE5MDM2QXFWYytsU2ZnUG9hZ3FCSm9nRQpUUmVJMWV5M2VWSzRhQXRzd3VMYUxuMEVrNHFlQ3FVbm01VEUwOXZwdHJsb0ZTSU1kMWp4RDRGcEpTVWdVTFpTCjdMMXJZKy9LeTYxRWU1RVY0Z1htUStpT0ZYN1R2RFpLbTFYYStkM2NVOTNOaVo0QnVvMUFlM2NCZ0RBTEE4L2MKR0hiVjNlTC9RM012Ci0tLS0tRU5EIENFUlRJRklDQVRFLS0tLS0K"
              }
            ],
            "cluster_id": null,
            "created_at": "2024-02-15 14:57:07.454 +0000 UTC",
            "enabled_cluster_log_types": [],
            "encryption_config": [],
            "endpoint": "https://D3E427FE8D6B1C3EA84F5BE4565A38C0.gr7.eu-north-1.eks.amazonaws.com",
            "id": "tagal-eks",
            "identity": [
              {
                "oidc": [
                  {
                    "issuer": "https://oidc.eks.eu-north-1.amazonaws.com/id/D3E427FE8D6B1C3EA84F5BE4565A38C0"
                  }
                ]
              }
            ],
            "kubernetes_network_config": [
              {
                "ip_family": "ipv4",
                "service_ipv4_cidr": "172.20.0.0/16",
                "service_ipv6_cidr": ""
              }
            ],
            "name": "tagal-eks",
            "outpost_config": [],
            "platform_version": "eks.1",
            "role_arn": "arn:aws:iam::343568180534:role/tagal-eks-cluster-role",
            "status": "ACTIVE",
            "tags": {},
            "tags_all": {},
            "timeouts": null,
            "version": "1.29",
            "vpc_config": [
              {
                "cluster_security_group_id": "sg-058ec400154763b52",
                "endpoint_private_access": false,
                "endpoint_public_access": true,
                "public_access_cidrs": [
                  "0.0.0.0/0"
                ],
                "security_group_ids": [],
                "subnet_ids": [
                  "subnet-007e5128850201f95",
                  "subnet-021d5b31c8d651c20",
                  "subnet-05291e2b34c2fde41",
                  "subnet-052d8bb41df048810",
                  "subnet-0593a304dc26fca7e",
                  "subnet-090cb349bab88d4ab"
                ],
                "vpc_id": "vpc-03ca2eda2dea91572"
              }
            ]
          },
          "sensitive_attributes": [],
          "private": "eyJlMmJmYjczMC1lY2FhLTExZTYtOGY4OC0zNDM2M2JjN2M0YzAiOnsiY3JlYXRlIjoxODAwMDAwMDAwMDAwLCJkZWxldGUiOjkwMDAwMDAwMDAwMCwidXBkYXRlIjozNjAwMDAwMDAwMDAwfX0=",
          "dependencies": [
            "module.module-eks.aws_iam_role.eks-role",
            "module.module-eks.aws_iam_role_policy_attachment.tagal-AmazonEKSClusterPolicy",
            "module.module-eks.aws_subnet.main-private-1",
            "module.module-eks.aws_subnet.main-private-2",
            "module.module-eks.aws_subnet.main-private-3",
            "module.module-eks.aws_subnet.main-public-1",
            "module.module-eks.aws_subnet.main-public-2",
            "module.module-eks.aws_subnet.main-public-3",
            "module.module-eks.aws_vpc.main"
          ]
        }
      ]
    },
    {
      "module": "module.module-eks",
      "mode": "managed",
      "type": "aws_eks_node_group",
      "name": "private-nodes",
      "provider": "provider[\"registry.terraform.io/hashicorp/aws\"]",
      "instances": [
        {
          "schema_version": 0,
          "attributes": {
            "ami_type": "AL2_x86_64",
            "arn": "arn:aws:eks:eu-north-1:343568180534:nodegroup/tagal-eks/tagal-private-nodes/58c6d6a5-f95b-0561-6320-939a3a38d23e",
            "capacity_type": "ON_DEMAND",
            "cluster_name": "tagal-eks",
            "disk_size": 20,
            "force_update_version": null,
            "id": "tagal-eks:tagal-private-nodes",
            "instance_types": [
              "t3.xlarge"
            ],
            "labels": {
              "role": "general"
            },
            "launch_template": [],
            "node_group_name": "tagal-private-nodes",
            "node_group_name_prefix": "",
            "node_role_arn": "arn:aws:iam::343568180534:role/tagal-node-group-nodes-role",
            "release_version": "1.29.0-20240213",
            "remote_access": [],
            "resources": [
              {
                "autoscaling_groups": [
                  {
                    "name": "eks-tagal-private-nodes-58c6d6a5-f95b-0561-6320-939a3a38d23e"
                  }
                ],
                "remote_access_security_group_id": ""
              }
            ],
            "scaling_config": [
              {
                "desired_size": 2,
                "max_size": 20,
                "min_size": 0
              }
            ],
            "status": "ACTIVE",
            "subnet_ids": [
              "subnet-007e5128850201f95",
              "subnet-05291e2b34c2fde41",
              "subnet-0593a304dc26fca7e"
            ],
            "tags": {},
            "tags_all": {},
            "taint": [],
            "timeouts": null,
            "update_config": [
              {
                "max_unavailable": 1,
                "max_unavailable_percentage": 0
              }
            ],
            "version": "1.29"
          },
          "sensitive_attributes": [],
          "private": "eyJlMmJmYjczMC1lY2FhLTExZTYtOGY4OC0zNDM2M2JjN2M0YzAiOnsiY3JlYXRlIjozNjAwMDAwMDAwMDAwLCJkZWxldGUiOjM2MDAwMDAwMDAwMDAsInVwZGF0ZSI6MzYwMDAwMDAwMDAwMH19",
          "dependencies": [
            "module.module-eks.aws_eks_cluster.tagal-eks",
            "module.module-eks.aws_iam_role.eks-role",
            "module.module-eks.aws_iam_role.node-role",
            "module.module-eks.aws_iam_role_policy_attachment.nodes-AmazonEBSCSIDriverPolicy",
            "module.module-eks.aws_iam_role_policy_attachment.nodes-AmazonEC2ContainerRegistryReadOnly",
            "module.module-eks.aws_iam_role_policy_attachment.nodes-AmazonEKSWorkerNodePolicy",
            "module.module-eks.aws_iam_role_policy_attachment.nodes-AmazonEKS_CNI_Policy",
            "module.module-eks.aws_iam_role_policy_attachment.tagal-AmazonEKSClusterPolicy",
            "module.module-eks.aws_subnet.main-private-1",
            "module.module-eks.aws_subnet.main-private-2",
            "module.module-eks.aws_subnet.main-private-3",
            "module.module-eks.aws_subnet.main-public-1",
            "module.module-eks.aws_subnet.main-public-2",
            "module.module-eks.aws_subnet.main-public-3",
            "module.module-eks.aws_vpc.main"
          ]
        }
      ]
    },
    {
      "module": "module.module-eks",
      "mode": "managed",
      "type": "aws_iam_openid_connect_provider",
      "name": "eks",
      "provider": "provider[\"registry.terraform.io/hashicorp/aws\"]",
      "instances": [
        {
          "schema_version": 0,
          "attributes": {
            "arn": "arn:aws:iam::343568180534:oidc-provider/oidc.eks.eu-north-1.amazonaws.com/id/D3E427FE8D6B1C3EA84F5BE4565A38C0",
            "client_id_list": [
              "sts.amazonaws.com"
            ],
            "id": "arn:aws:iam::343568180534:oidc-provider/oidc.eks.eu-north-1.amazonaws.com/id/D3E427FE8D6B1C3EA84F5BE4565A38C0",
            "tags": {},
            "tags_all": {},
            "thumbprint_list": [
              "9e99a48a9960b14926bb7f3b02e22da2b0ab7280"
            ],
            "url": "oidc.eks.eu-north-1.amazonaws.com/id/D3E427FE8D6B1C3EA84F5BE4565A38C0"
          },
          "sensitive_attributes": [],
          "private": "bnVsbA==",
          "dependencies": [
            "module.module-eks.aws_eks_cluster.tagal-eks",
            "module.module-eks.aws_iam_role.eks-role",
            "module.module-eks.aws_iam_role_policy_attachment.tagal-AmazonEKSClusterPolicy",
            "module.module-eks.aws_subnet.main-private-1",
            "module.module-eks.aws_subnet.main-private-2",
            "module.module-eks.aws_subnet.main-private-3",
            "module.module-eks.aws_subnet.main-public-1",
            "module.module-eks.aws_subnet.main-public-2",
            "module.module-eks.aws_subnet.main-public-3",
            "module.module-eks.aws_vpc.main",
            "module.module-eks.data.tls_certificate.eks"
          ]
        }
      ]
    },
    {
      "module": "module.module-eks",
      "mode": "managed",
      "type": "aws_iam_role",
      "name": "eks-role",
      "provider": "provider[\"registry.terraform.io/hashicorp/aws\"]",
      "instances": [
        {
          "schema_version": 0,
          "attributes": {
            "arn": "arn:aws:iam::343568180534:role/tagal-eks-cluster-role",
            "assume_role_policy": "{\"Statement\":[{\"Action\":\"sts:AssumeRole\",\"Effect\":\"Allow\",\"Principal\":{\"Service\":\"eks.amazonaws.com\"}}],\"Version\":\"2012-10-17\"}",
            "create_date": "2024-02-15T14:56:41Z",
            "description": "",
            "force_detach_policies": false,
            "id": "tagal-eks-cluster-role",
            "inline_policy": [],
            "managed_policy_arns": [
              "arn:aws:iam::aws:policy/AmazonEKSClusterPolicy"
            ],
            "max_session_duration": 3600,
            "name": "tagal-eks-cluster-role",
            "name_prefix": "",
            "path": "/",
            "permissions_boundary": "",
            "tags": {},
            "tags_all": {},
            "unique_id": "AROAU77SCMU3CZ7F2CLBW"
          },
          "sensitive_attributes": [],
          "private": "bnVsbA=="
        }
      ]
    },
    {
      "module": "module.module-eks",
      "mode": "managed",
      "type": "aws_iam_role",
      "name": "eks_ebs_csi_driver",
      "provider": "provider[\"registry.terraform.io/hashicorp/aws\"]",
      "instances": [
        {
          "schema_version": 0,
          "attributes": {
            "arn": "arn:aws:iam::343568180534:role/eks-ebs-csi-driver",
            "assume_role_policy": "{\"Statement\":[{\"Action\":\"sts:AssumeRoleWithWebIdentity\",\"Condition\":{\"StringEquals\":{\"oidc.eks.eu-north-1.amazonaws.com/id/D3E427FE8D6B1C3EA84F5BE4565A38C0:sub\":\"system:serviceaccount:kube-system:ebs-csi-controller-sa\"}},\"Effect\":\"Allow\",\"Principal\":{\"Federated\":\"arn:aws:iam::343568180534:oidc-provider/oidc.eks.eu-north-1.amazonaws.com/id/D3E427FE8D6B1C3EA84F5BE4565A38C0\"}}],\"Version\":\"2012-10-17\"}",
            "create_date": "2024-02-15T15:04:13Z",
            "description": "",
            "force_detach_policies": false,
            "id": "eks-ebs-csi-driver",
            "inline_policy": [],
            "managed_policy_arns": [
              "arn:aws:iam::aws:policy/service-role/AmazonEBSCSIDriverPolicy"
            ],
            "max_session_duration": 3600,
            "name": "eks-ebs-csi-driver",
            "name_prefix": "",
            "path": "/",
            "permissions_boundary": "",
            "tags": {},
            "tags_all": {},
            "unique_id": "AROAU77SCMU3CNNHQEMWX"
          },
          "sensitive_attributes": [],
          "private": "bnVsbA==",
          "dependencies": [
            "module.module-eks.aws_eks_cluster.tagal-eks",
            "module.module-eks.aws_iam_openid_connect_provider.eks",
            "module.module-eks.aws_iam_role.eks-role",
            "module.module-eks.aws_iam_role_policy_attachment.tagal-AmazonEKSClusterPolicy",
            "module.module-eks.aws_subnet.main-private-1",
            "module.module-eks.aws_subnet.main-private-2",
            "module.module-eks.aws_subnet.main-private-3",
            "module.module-eks.aws_subnet.main-public-1",
            "module.module-eks.aws_subnet.main-public-2",
            "module.module-eks.aws_subnet.main-public-3",
            "module.module-eks.aws_vpc.main",
            "module.module-eks.data.aws_iam_policy_document.csi",
            "module.module-eks.data.tls_certificate.eks"
          ]
        }
      ]
    },
    {
      "module": "module.module-eks",
      "mode": "managed",
      "type": "aws_iam_role",
      "name": "node-role",
      "provider": "provider[\"registry.terraform.io/hashicorp/aws\"]",
      "instances": [
        {
          "schema_version": 0,
          "attributes": {
            "arn": "arn:aws:iam::343568180534:role/tagal-node-group-nodes-role",
            "assume_role_policy": "{\"Statement\":[{\"Action\":\"sts:AssumeRole\",\"Effect\":\"Allow\",\"Principal\":{\"Service\":\"ec2.amazonaws.com\"}}],\"Version\":\"2012-10-17\"}",
            "create_date": "2024-02-15T14:56:41Z",
            "description": "",
            "force_detach_policies": false,
            "id": "tagal-node-group-nodes-role",
            "inline_policy": [],
            "managed_policy_arns": [
              "arn:aws:iam::aws:policy/AmazonEC2ContainerRegistryReadOnly",
              "arn:aws:iam::aws:policy/AmazonEKSWorkerNodePolicy",
              "arn:aws:iam::aws:policy/AmazonEKS_CNI_Policy",
              "arn:aws:iam::aws:policy/service-role/AmazonEBSCSIDriverPolicy"
            ],
            "max_session_duration": 3600,
            "name": "tagal-node-group-nodes-role",
            "name_prefix": "",
            "path": "/",
            "permissions_boundary": "",
            "tags": {},
            "tags_all": {},
            "unique_id": "AROAU77SCMU3C2TDGLLBK"
          },
          "sensitive_attributes": [],
          "private": "bnVsbA=="
        }
      ]
    },
    {
      "module": "module.module-eks",
      "mode": "managed",
      "type": "aws_iam_role_policy_attachment",
      "name": "amazon_ebs_csi_driver",
      "provider": "provider[\"registry.terraform.io/hashicorp/aws\"]",
      "instances": [
        {
          "schema_version": 0,
          "attributes": {
            "id": "eks-ebs-csi-driver-2024021515041264500000000b",
            "policy_arn": "arn:aws:iam::aws:policy/service-role/AmazonEBSCSIDriverPolicy",
            "role": "eks-ebs-csi-driver"
          },
          "sensitive_attributes": [],
          "private": "bnVsbA==",
          "dependencies": [
            "module.module-eks.aws_eks_cluster.tagal-eks",
            "module.module-eks.aws_iam_openid_connect_provider.eks",
            "module.module-eks.aws_iam_role.eks-role",
            "module.module-eks.aws_iam_role.eks_ebs_csi_driver",
            "module.module-eks.aws_iam_role_policy_attachment.tagal-AmazonEKSClusterPolicy",
            "module.module-eks.aws_subnet.main-private-1",
            "module.module-eks.aws_subnet.main-private-2",
            "module.module-eks.aws_subnet.main-private-3",
            "module.module-eks.aws_subnet.main-public-1",
            "module.module-eks.aws_subnet.main-public-2",
            "module.module-eks.aws_subnet.main-public-3",
            "module.module-eks.aws_vpc.main",
            "module.module-eks.data.aws_iam_policy_document.csi",
            "module.module-eks.data.tls_certificate.eks"
          ]
        }
      ]
    },
    {
      "module": "module.module-eks",
      "mode": "managed",
      "type": "aws_iam_role_policy_attachment",
      "name": "nodes-AmazonEBSCSIDriverPolicy",
      "provider": "provider[\"registry.terraform.io/hashicorp/aws\"]",
      "instances": [
        {
          "schema_version": 0,
          "attributes": {
            "id": "tagal-node-group-nodes-role-20240215145641281000000004",
            "policy_arn": "arn:aws:iam::aws:policy/service-role/AmazonEBSCSIDriverPolicy",
            "role": "tagal-node-group-nodes-role"
          },
          "sensitive_attributes": [],
          "private": "bnVsbA==",
          "dependencies": [
            "module.module-eks.aws_iam_role.node-role"
          ]
        }
      ]
    },
    {
      "module": "module.module-eks",
      "mode": "managed",
      "type": "aws_iam_role_policy_attachment",
      "name": "nodes-AmazonEC2ContainerRegistryReadOnly",
      "provider": "provider[\"registry.terraform.io/hashicorp/aws\"]",
      "instances": [
        {
          "schema_version": 0,
          "attributes": {
            "id": "tagal-node-group-nodes-role-20240215145641264000000003",
            "policy_arn": "arn:aws:iam::aws:policy/AmazonEC2ContainerRegistryReadOnly",
            "role": "tagal-node-group-nodes-role"
          },
          "sensitive_attributes": [],
          "private": "bnVsbA==",
          "dependencies": [
            "module.module-eks.aws_iam_role.node-role"
          ]
        }
      ]
    },
    {
      "module": "module.module-eks",
      "mode": "managed",
      "type": "aws_iam_role_policy_attachment",
      "name": "nodes-AmazonEKSWorkerNodePolicy",
      "provider": "provider[\"registry.terraform.io/hashicorp/aws\"]",
      "instances": [
        {
          "schema_version": 0,
          "attributes": {
            "id": "tagal-node-group-nodes-role-20240215145641051000000002",
            "policy_arn": "arn:aws:iam::aws:policy/AmazonEKSWorkerNodePolicy",
            "role": "tagal-node-group-nodes-role"
          },
          "sensitive_attributes": [],
          "private": "bnVsbA==",
          "dependencies": [
            "module.module-eks.aws_iam_role.node-role"
          ]
        }
      ]
    },
    {
      "module": "module.module-eks",
      "mode": "managed",
      "type": "aws_iam_role_policy_attachment",
      "name": "nodes-AmazonEKS_CNI_Policy",
      "provider": "provider[\"registry.terraform.io/hashicorp/aws\"]",
      "instances": [
        {
          "schema_version": 0,
          "attributes": {
            "id": "tagal-node-group-nodes-role-20240215145641026600000001",
            "policy_arn": "arn:aws:iam::aws:policy/AmazonEKS_CNI_Policy",
            "role": "tagal-node-group-nodes-role"
          },
          "sensitive_attributes": [],
          "private": "bnVsbA==",
          "dependencies": [
            "module.module-eks.aws_iam_role.node-role"
          ]
        }
      ]
    },
    {
      "module": "module.module-eks",
      "mode": "managed",
      "type": "aws_iam_role_policy_attachment",
      "name": "tagal-AmazonEKSClusterPolicy",
      "provider": "provider[\"registry.terraform.io/hashicorp/aws\"]",
      "instances": [
        {
          "schema_version": 0,
          "attributes": {
            "id": "tagal-eks-cluster-role-20240215145641425600000005",
            "policy_arn": "arn:aws:iam::aws:policy/AmazonEKSClusterPolicy",
            "role": "tagal-eks-cluster-role"
          },
          "sensitive_attributes": [],
          "private": "bnVsbA==",
          "dependencies": [
            "module.module-eks.aws_iam_role.eks-role"
          ]
        }
      ]
    },
    {
      "module": "module.module-eks",
      "mode": "managed",
      "type": "aws_internet_gateway",
      "name": "main-gw",
      "provider": "provider[\"registry.terraform.io/hashicorp/aws\"]",
      "instances": [
        {
          "schema_version": 0,
          "attributes": {
            "arn": "arn:aws:ec2:eu-north-1:343568180534:internet-gateway/igw-05ee19f83dd548610",
            "id": "igw-05ee19f83dd548610",
            "owner_id": "343568180534",
            "tags": {
              "CreatedWith": "terraform",
              "Name": "igw-eks-tagal"
            },
            "tags_all": {
              "CreatedWith": "terraform",
              "Name": "igw-eks-tagal"
            },
            "timeouts": null,
            "vpc_id": "vpc-03ca2eda2dea91572"
          },
          "sensitive_attributes": [],
          "private": "eyJlMmJmYjczMC1lY2FhLTExZTYtOGY4OC0zNDM2M2JjN2M0YzAiOnsiY3JlYXRlIjoxMjAwMDAwMDAwMDAwLCJkZWxldGUiOjEyMDAwMDAwMDAwMDAsInVwZGF0ZSI6MTIwMDAwMDAwMDAwMH19",
          "dependencies": [
            "module.module-eks.aws_vpc.main"
          ]
        }
      ]
    },
    {
      "module": "module.module-eks",
      "mode": "managed",
      "type": "aws_nat_gateway",
      "name": "nat-gw",
      "provider": "provider[\"registry.terraform.io/hashicorp/aws\"]",
      "instances": [
        {
          "schema_version": 0,
          "attributes": {
            "allocation_id": "eipalloc-0159658d0b1b959d5",
            "association_id": "eipassoc-072b8ffbe29501558",
            "connectivity_type": "public",
            "id": "nat-0bb84b2bbba0dd320",
            "network_interface_id": "eni-0a3e239057a822f03",
            "private_ip": "10.0.101.124",
            "public_ip": "13.48.41.81",
            "secondary_allocation_ids": [],
            "secondary_private_ip_address_count": 0,
            "secondary_private_ip_addresses": [],
            "subnet_id": "subnet-052d8bb41df048810",
            "tags": {
              "CreatedWith": "terraform",
              "Name": "nat-eks-tagal"
            },
            "tags_all": {
              "CreatedWith": "terraform",
              "Name": "nat-eks-tagal"
            },
            "timeouts": null
          },
          "sensitive_attributes": [],
          "private": "eyJlMmJmYjczMC1lY2FhLTExZTYtOGY4OC0zNDM2M2JjN2M0YzAiOnsiY3JlYXRlIjo2MDAwMDAwMDAwMDAsImRlbGV0ZSI6MTgwMDAwMDAwMDAwMCwidXBkYXRlIjo2MDAwMDAwMDAwMDB9fQ==",
          "dependencies": [
            "module.module-eks.aws_eip.nat",
            "module.module-eks.aws_internet_gateway.main-gw",
            "module.module-eks.aws_subnet.main-public-1",
            "module.module-eks.aws_vpc.main"
          ]
        }
      ]
    },
    {
      "module": "module.module-eks",
      "mode": "managed",
      "type": "aws_route_table",
      "name": "main-private",
      "provider": "provider[\"registry.terraform.io/hashicorp/aws\"]",
      "instances": [
        {
          "schema_version": 0,
          "attributes": {
            "arn": "arn:aws:ec2:eu-north-1:343568180534:route-table/rtb-0c875b87ee0002ffc",
            "id": "rtb-0c875b87ee0002ffc",
            "owner_id": "343568180534",
            "propagating_vgws": [],
            "route": [
              {
                "carrier_gateway_id": "",
                "cidr_block": "0.0.0.0/0",
                "core_network_arn": "",
                "destination_prefix_list_id": "",
                "egress_only_gateway_id": "",
                "gateway_id": "",
                "ipv6_cidr_block": "",
                "local_gateway_id": "",
                "nat_gateway_id": "nat-0bb84b2bbba0dd320",
                "network_interface_id": "",
                "transit_gateway_id": "",
                "vpc_endpoint_id": "",
                "vpc_peering_connection_id": ""
              }
            ],
            "tags": {
              "CreatedWith": "terraform",
              "Name": "tagal-eks-private-route-table"
            },
            "tags_all": {
              "CreatedWith": "terraform",
              "Name": "tagal-eks-private-route-table"
            },
            "timeouts": null,
            "vpc_id": "vpc-03ca2eda2dea91572"
          },
          "sensitive_attributes": [],
          "private": "eyJlMmJmYjczMC1lY2FhLTExZTYtOGY4OC0zNDM2M2JjN2M0YzAiOnsiY3JlYXRlIjozMDAwMDAwMDAwMDAsImRlbGV0ZSI6MzAwMDAwMDAwMDAwLCJ1cGRhdGUiOjEyMDAwMDAwMDAwMH19",
          "dependencies": [
            "module.module-eks.aws_eip.nat",
            "module.module-eks.aws_internet_gateway.main-gw",
            "module.module-eks.aws_nat_gateway.nat-gw",
            "module.module-eks.aws_subnet.main-public-1",
            "module.module-eks.aws_vpc.main"
          ]
        }
      ]
    },
    {
      "module": "module.module-eks",
      "mode": "managed",
      "type": "aws_route_table",
      "name": "main-public",
      "provider": "provider[\"registry.terraform.io/hashicorp/aws\"]",
      "instances": [
        {
          "schema_version": 0,
          "attributes": {
            "arn": "arn:aws:ec2:eu-north-1:343568180534:route-table/rtb-0842dba0b875ad99c",
            "id": "rtb-0842dba0b875ad99c",
            "owner_id": "343568180534",
            "propagating_vgws": [],
            "route": [
              {
                "carrier_gateway_id": "",
                "cidr_block": "0.0.0.0/0",
                "core_network_arn": "",
                "destination_prefix_list_id": "",
                "egress_only_gateway_id": "",
                "gateway_id": "igw-05ee19f83dd548610",
                "ipv6_cidr_block": "",
                "local_gateway_id": "",
                "nat_gateway_id": "",
                "network_interface_id": "",
                "transit_gateway_id": "",
                "vpc_endpoint_id": "",
                "vpc_peering_connection_id": ""
              }
            ],
            "tags": {
              "CreatedWith": "terraform",
              "Name": "tagal-eks-public-route-table"
            },
            "tags_all": {
              "CreatedWith": "terraform",
              "Name": "tagal-eks-public-route-table"
            },
            "timeouts": null,
            "vpc_id": "vpc-03ca2eda2dea91572"
          },
          "sensitive_attributes": [],
          "private": "eyJlMmJmYjczMC1lY2FhLTExZTYtOGY4OC0zNDM2M2JjN2M0YzAiOnsiY3JlYXRlIjozMDAwMDAwMDAwMDAsImRlbGV0ZSI6MzAwMDAwMDAwMDAwLCJ1cGRhdGUiOjEyMDAwMDAwMDAwMH19",
          "dependencies": [
            "module.module-eks.aws_internet_gateway.main-gw",
            "module.module-eks.aws_vpc.main"
          ]
        }
      ]
    },
    {
      "module": "module.module-eks",
      "mode": "managed",
      "type": "aws_route_table_association",
      "name": "main-private-1a",
      "provider": "provider[\"registry.terraform.io/hashicorp/aws\"]",
      "instances": [
        {
          "schema_version": 0,
          "attributes": {
            "gateway_id": "",
            "id": "rtbassoc-00ea76fac2956541a",
            "route_table_id": "rtb-0c875b87ee0002ffc",
            "subnet_id": "subnet-0593a304dc26fca7e",
            "timeouts": null
          },
          "sensitive_attributes": [],
          "private": "eyJlMmJmYjczMC1lY2FhLTExZTYtOGY4OC0zNDM2M2JjN2M0YzAiOnsiY3JlYXRlIjozMDAwMDAwMDAwMDAsImRlbGV0ZSI6MzAwMDAwMDAwMDAwLCJ1cGRhdGUiOjEyMDAwMDAwMDAwMH19",
          "dependencies": [
            "module.module-eks.aws_eip.nat",
            "module.module-eks.aws_internet_gateway.main-gw",
            "module.module-eks.aws_nat_gateway.nat-gw",
            "module.module-eks.aws_route_table.main-private",
            "module.module-eks.aws_subnet.main-private-1",
            "module.module-eks.aws_subnet.main-public-1",
            "module.module-eks.aws_vpc.main"
          ]
        }
      ]
    },
    {
      "module": "module.module-eks",
      "mode": "managed",
      "type": "aws_route_table_association",
      "name": "main-private-2a",
      "provider": "provider[\"registry.terraform.io/hashicorp/aws\"]",
      "instances": [
        {
          "schema_version": 0,
          "attributes": {
            "gateway_id": "",
            "id": "rtbassoc-0b0abd13a0b1fe8e2",
            "route_table_id": "rtb-0c875b87ee0002ffc",
            "subnet_id": "subnet-007e5128850201f95",
            "timeouts": null
          },
          "sensitive_attributes": [],
          "private": "eyJlMmJmYjczMC1lY2FhLTExZTYtOGY4OC0zNDM2M2JjN2M0YzAiOnsiY3JlYXRlIjozMDAwMDAwMDAwMDAsImRlbGV0ZSI6MzAwMDAwMDAwMDAwLCJ1cGRhdGUiOjEyMDAwMDAwMDAwMH19",
          "dependencies": [
            "module.module-eks.aws_eip.nat",
            "module.module-eks.aws_internet_gateway.main-gw",
            "module.module-eks.aws_nat_gateway.nat-gw",
            "module.module-eks.aws_route_table.main-private",
            "module.module-eks.aws_subnet.main-private-2",
            "module.module-eks.aws_subnet.main-public-1",
            "module.module-eks.aws_vpc.main"
          ]
        }
      ]
    },
    {
      "module": "module.module-eks",
      "mode": "managed",
      "type": "aws_route_table_association",
      "name": "main-private-3a",
      "provider": "provider[\"registry.terraform.io/hashicorp/aws\"]",
      "instances": [
        {
          "schema_version": 0,
          "attributes": {
            "gateway_id": "",
            "id": "rtbassoc-03afbadf1fd8100ad",
            "route_table_id": "rtb-0c875b87ee0002ffc",
            "subnet_id": "subnet-05291e2b34c2fde41",
            "timeouts": null
          },
          "sensitive_attributes": [],
          "private": "eyJlMmJmYjczMC1lY2FhLTExZTYtOGY4OC0zNDM2M2JjN2M0YzAiOnsiY3JlYXRlIjozMDAwMDAwMDAwMDAsImRlbGV0ZSI6MzAwMDAwMDAwMDAwLCJ1cGRhdGUiOjEyMDAwMDAwMDAwMH19",
          "dependencies": [
            "module.module-eks.aws_eip.nat",
            "module.module-eks.aws_internet_gateway.main-gw",
            "module.module-eks.aws_nat_gateway.nat-gw",
            "module.module-eks.aws_route_table.main-private",
            "module.module-eks.aws_subnet.main-private-3",
            "module.module-eks.aws_subnet.main-public-1",
            "module.module-eks.aws_vpc.main"
          ]
        }
      ]
    },
    {
      "module": "module.module-eks",
      "mode": "managed",
      "type": "aws_route_table_association",
      "name": "main-public-1a",
      "provider": "provider[\"registry.terraform.io/hashicorp/aws\"]",
      "instances": [
        {
          "schema_version": 0,
          "attributes": {
            "gateway_id": "",
            "id": "rtbassoc-03bf63a2544bf9423",
            "route_table_id": "rtb-0842dba0b875ad99c",
            "subnet_id": "subnet-052d8bb41df048810",
            "timeouts": null
          },
          "sensitive_attributes": [],
          "private": "eyJlMmJmYjczMC1lY2FhLTExZTYtOGY4OC0zNDM2M2JjN2M0YzAiOnsiY3JlYXRlIjozMDAwMDAwMDAwMDAsImRlbGV0ZSI6MzAwMDAwMDAwMDAwLCJ1cGRhdGUiOjEyMDAwMDAwMDAwMH19",
          "dependencies": [
            "module.module-eks.aws_internet_gateway.main-gw",
            "module.module-eks.aws_route_table.main-public",
            "module.module-eks.aws_subnet.main-public-1",
            "module.module-eks.aws_vpc.main"
          ]
        }
      ]
    },
    {
      "module": "module.module-eks",
      "mode": "managed",
      "type": "aws_route_table_association",
      "name": "main-public-2a",
      "provider": "provider[\"registry.terraform.io/hashicorp/aws\"]",
      "instances": [
        {
          "schema_version": 0,
          "attributes": {
            "gateway_id": "",
            "id": "rtbassoc-0bbadf20f10b699a3",
            "route_table_id": "rtb-0842dba0b875ad99c",
            "subnet_id": "subnet-021d5b31c8d651c20",
            "timeouts": null
          },
          "sensitive_attributes": [],
          "private": "eyJlMmJmYjczMC1lY2FhLTExZTYtOGY4OC0zNDM2M2JjN2M0YzAiOnsiY3JlYXRlIjozMDAwMDAwMDAwMDAsImRlbGV0ZSI6MzAwMDAwMDAwMDAwLCJ1cGRhdGUiOjEyMDAwMDAwMDAwMH19",
          "dependencies": [
            "module.module-eks.aws_internet_gateway.main-gw",
            "module.module-eks.aws_route_table.main-public",
            "module.module-eks.aws_subnet.main-public-2",
            "module.module-eks.aws_vpc.main"
          ]
        }
      ]
    },
    {
      "module": "module.module-eks",
      "mode": "managed",
      "type": "aws_route_table_association",
      "name": "main-public-3a",
      "provider": "provider[\"registry.terraform.io/hashicorp/aws\"]",
      "instances": [
        {
          "schema_version": 0,
          "attributes": {
            "gateway_id": "",
            "id": "rtbassoc-0196236a2ed633670",
            "route_table_id": "rtb-0842dba0b875ad99c",
            "subnet_id": "subnet-090cb349bab88d4ab",
            "timeouts": null
          },
          "sensitive_attributes": [],
          "private": "eyJlMmJmYjczMC1lY2FhLTExZTYtOGY4OC0zNDM2M2JjN2M0YzAiOnsiY3JlYXRlIjozMDAwMDAwMDAwMDAsImRlbGV0ZSI6MzAwMDAwMDAwMDAwLCJ1cGRhdGUiOjEyMDAwMDAwMDAwMH19",
          "dependencies": [
            "module.module-eks.aws_internet_gateway.main-gw",
            "module.module-eks.aws_route_table.main-public",
            "module.module-eks.aws_subnet.main-public-3",
            "module.module-eks.aws_vpc.main"
          ]
        }
      ]
    },
    {
      "module": "module.module-eks",
      "mode": "managed",
      "type": "aws_subnet",
      "name": "main-private-1",
      "provider": "provider[\"registry.terraform.io/hashicorp/aws\"]",
      "instances": [
        {
          "schema_version": 1,
          "attributes": {
            "arn": "arn:aws:ec2:eu-north-1:343568180534:subnet/subnet-0593a304dc26fca7e",
            "assign_ipv6_address_on_creation": false,
            "availability_zone": "eu-north-1a",
            "availability_zone_id": "eun1-az1",
            "cidr_block": "10.0.1.0/24",
            "customer_owned_ipv4_pool": "",
            "enable_dns64": false,
            "enable_lni_at_device_index": 0,
            "enable_resource_name_dns_a_record_on_launch": false,
            "enable_resource_name_dns_aaaa_record_on_launch": false,
            "id": "subnet-0593a304dc26fca7e",
            "ipv6_cidr_block": "",
            "ipv6_cidr_block_association_id": "",
            "ipv6_native": false,
            "map_customer_owned_ip_on_launch": false,
            "map_public_ip_on_launch": false,
            "outpost_arn": "",
            "owner_id": "343568180534",
            "private_dns_hostname_type_on_launch": "ip-name",
            "tags": {
              "CreatedWith": "terraform",
              "Name": "tagal-eks-private-1",
              "kubernetes.io/cluster/tagal-eks": "owned",
              "kubernetes.io/role/internal-elb": "1"
            },
            "tags_all": {
              "CreatedWith": "terraform",
              "Name": "tagal-eks-private-1",
              "kubernetes.io/cluster/tagal-eks": "owned",
              "kubernetes.io/role/internal-elb": "1"
            },
            "timeouts": null,
            "vpc_id": "vpc-03ca2eda2dea91572"
          },
          "sensitive_attributes": [],
          "private": "eyJlMmJmYjczMC1lY2FhLTExZTYtOGY4OC0zNDM2M2JjN2M0YzAiOnsiY3JlYXRlIjo2MDAwMDAwMDAwMDAsImRlbGV0ZSI6MTIwMDAwMDAwMDAwMH0sInNjaGVtYV92ZXJzaW9uIjoiMSJ9",
          "dependencies": [
            "module.module-eks.aws_vpc.main"
          ]
        }
      ]
    },
    {
      "module": "module.module-eks",
      "mode": "managed",
      "type": "aws_subnet",
      "name": "main-private-2",
      "provider": "provider[\"registry.terraform.io/hashicorp/aws\"]",
      "instances": [
        {
          "schema_version": 1,
          "attributes": {
            "arn": "arn:aws:ec2:eu-north-1:343568180534:subnet/subnet-007e5128850201f95",
            "assign_ipv6_address_on_creation": false,
            "availability_zone": "eu-north-1b",
            "availability_zone_id": "eun1-az2",
            "cidr_block": "10.0.2.0/24",
            "customer_owned_ipv4_pool": "",
            "enable_dns64": false,
            "enable_lni_at_device_index": 0,
            "enable_resource_name_dns_a_record_on_launch": false,
            "enable_resource_name_dns_aaaa_record_on_launch": false,
            "id": "subnet-007e5128850201f95",
            "ipv6_cidr_block": "",
            "ipv6_cidr_block_association_id": "",
            "ipv6_native": false,
            "map_customer_owned_ip_on_launch": false,
            "map_public_ip_on_launch": false,
            "outpost_arn": "",
            "owner_id": "343568180534",
            "private_dns_hostname_type_on_launch": "ip-name",
            "tags": {
              "CreatedWith": "terraform",
              "Name": "tagal-eks-private-2",
              "kubernetes.io/cluster/tagal-eks": "owned",
              "kubernetes.io/role/internal-elb": "1"
            },
            "tags_all": {
              "CreatedWith": "terraform",
              "Name": "tagal-eks-private-2",
              "kubernetes.io/cluster/tagal-eks": "owned",
              "kubernetes.io/role/internal-elb": "1"
            },
            "timeouts": null,
            "vpc_id": "vpc-03ca2eda2dea91572"
          },
          "sensitive_attributes": [],
          "private": "eyJlMmJmYjczMC1lY2FhLTExZTYtOGY4OC0zNDM2M2JjN2M0YzAiOnsiY3JlYXRlIjo2MDAwMDAwMDAwMDAsImRlbGV0ZSI6MTIwMDAwMDAwMDAwMH0sInNjaGVtYV92ZXJzaW9uIjoiMSJ9",
          "dependencies": [
            "module.module-eks.aws_vpc.main"
          ]
        }
      ]
    },
    {
      "module": "module.module-eks",
      "mode": "managed",
      "type": "aws_subnet",
      "name": "main-private-3",
      "provider": "provider[\"registry.terraform.io/hashicorp/aws\"]",
      "instances": [
        {
          "schema_version": 1,
          "attributes": {
            "arn": "arn:aws:ec2:eu-north-1:343568180534:subnet/subnet-05291e2b34c2fde41",
            "assign_ipv6_address_on_creation": false,
            "availability_zone": "eu-north-1c",
            "availability_zone_id": "eun1-az3",
            "cidr_block": "10.0.3.0/24",
            "customer_owned_ipv4_pool": "",
            "enable_dns64": false,
            "enable_lni_at_device_index": 0,
            "enable_resource_name_dns_a_record_on_launch": false,
            "enable_resource_name_dns_aaaa_record_on_launch": false,
            "id": "subnet-05291e2b34c2fde41",
            "ipv6_cidr_block": "",
            "ipv6_cidr_block_association_id": "",
            "ipv6_native": false,
            "map_customer_owned_ip_on_launch": false,
            "map_public_ip_on_launch": false,
            "outpost_arn": "",
            "owner_id": "343568180534",
            "private_dns_hostname_type_on_launch": "ip-name",
            "tags": {
              "CreatedWith": "terraform",
              "Name": "tagal-eks-private-3",
              "kubernetes.io/cluster/tagal-eks": "owned",
              "kubernetes.io/role/internal-elb": "1"
            },
            "tags_all": {
              "CreatedWith": "terraform",
              "Name": "tagal-eks-private-3",
              "kubernetes.io/cluster/tagal-eks": "owned",
              "kubernetes.io/role/internal-elb": "1"
            },
            "timeouts": null,
            "vpc_id": "vpc-03ca2eda2dea91572"
          },
          "sensitive_attributes": [],
          "private": "eyJlMmJmYjczMC1lY2FhLTExZTYtOGY4OC0zNDM2M2JjN2M0YzAiOnsiY3JlYXRlIjo2MDAwMDAwMDAwMDAsImRlbGV0ZSI6MTIwMDAwMDAwMDAwMH0sInNjaGVtYV92ZXJzaW9uIjoiMSJ9",
          "dependencies": [
            "module.module-eks.aws_vpc.main"
          ]
        }
      ]
    },
    {
      "module": "module.module-eks",
      "mode": "managed",
      "type": "aws_subnet",
      "name": "main-public-1",
      "provider": "provider[\"registry.terraform.io/hashicorp/aws\"]",
      "instances": [
        {
          "schema_version": 1,
          "attributes": {
            "arn": "arn:aws:ec2:eu-north-1:343568180534:subnet/subnet-052d8bb41df048810",
            "assign_ipv6_address_on_creation": false,
            "availability_zone": "eu-north-1a",
            "availability_zone_id": "eun1-az1",
            "cidr_block": "10.0.101.0/24",
            "customer_owned_ipv4_pool": "",
            "enable_dns64": false,
            "enable_lni_at_device_index": 0,
            "enable_resource_name_dns_a_record_on_launch": false,
            "enable_resource_name_dns_aaaa_record_on_launch": false,
            "id": "subnet-052d8bb41df048810",
            "ipv6_cidr_block": "",
            "ipv6_cidr_block_association_id": "",
            "ipv6_native": false,
            "map_customer_owned_ip_on_launch": false,
            "map_public_ip_on_launch": true,
            "outpost_arn": "",
            "owner_id": "343568180534",
            "private_dns_hostname_type_on_launch": "ip-name",
            "tags": {
              "CreatedWith": "terraform",
              "Name": "tagal-eks-public-1",
              "kubernetes.io/cluster/tagal-eks": "owned",
              "kubernetes.io/role/internal-elb": "1"
            },
            "tags_all": {
              "CreatedWith": "terraform",
              "Name": "tagal-eks-public-1",
              "kubernetes.io/cluster/tagal-eks": "owned",
              "kubernetes.io/role/internal-elb": "1"
            },
            "timeouts": null,
            "vpc_id": "vpc-03ca2eda2dea91572"
          },
          "sensitive_attributes": [],
          "private": "eyJlMmJmYjczMC1lY2FhLTExZTYtOGY4OC0zNDM2M2JjN2M0YzAiOnsiY3JlYXRlIjo2MDAwMDAwMDAwMDAsImRlbGV0ZSI6MTIwMDAwMDAwMDAwMH0sInNjaGVtYV92ZXJzaW9uIjoiMSJ9",
          "dependencies": [
            "module.module-eks.aws_vpc.main"
          ]
        }
      ]
    },
    {
      "module": "module.module-eks",
      "mode": "managed",
      "type": "aws_subnet",
      "name": "main-public-2",
      "provider": "provider[\"registry.terraform.io/hashicorp/aws\"]",
      "instances": [
        {
          "schema_version": 1,
          "attributes": {
            "arn": "arn:aws:ec2:eu-north-1:343568180534:subnet/subnet-021d5b31c8d651c20",
            "assign_ipv6_address_on_creation": false,
            "availability_zone": "eu-north-1b",
            "availability_zone_id": "eun1-az2",
            "cidr_block": "10.0.102.0/24",
            "customer_owned_ipv4_pool": "",
            "enable_dns64": false,
            "enable_lni_at_device_index": 0,
            "enable_resource_name_dns_a_record_on_launch": false,
            "enable_resource_name_dns_aaaa_record_on_launch": false,
            "id": "subnet-021d5b31c8d651c20",
            "ipv6_cidr_block": "",
            "ipv6_cidr_block_association_id": "",
            "ipv6_native": false,
            "map_customer_owned_ip_on_launch": false,
            "map_public_ip_on_launch": true,
            "outpost_arn": "",
            "owner_id": "343568180534",
            "private_dns_hostname_type_on_launch": "ip-name",
            "tags": {
              "CreatedWith": "terraform",
              "Name": "tagal-eks-public-2",
              "kubernetes.io/cluster/tagal-eks": "owned",
              "kubernetes.io/role/internal-elb": "1"
            },
            "tags_all": {
              "CreatedWith": "terraform",
              "Name": "tagal-eks-public-2",
              "kubernetes.io/cluster/tagal-eks": "owned",
              "kubernetes.io/role/internal-elb": "1"
            },
            "timeouts": null,
            "vpc_id": "vpc-03ca2eda2dea91572"
          },
          "sensitive_attributes": [],
          "private": "eyJlMmJmYjczMC1lY2FhLTExZTYtOGY4OC0zNDM2M2JjN2M0YzAiOnsiY3JlYXRlIjo2MDAwMDAwMDAwMDAsImRlbGV0ZSI6MTIwMDAwMDAwMDAwMH0sInNjaGVtYV92ZXJzaW9uIjoiMSJ9",
          "dependencies": [
            "module.module-eks.aws_vpc.main"
          ]
        }
      ]
    },
    {
      "module": "module.module-eks",
      "mode": "managed",
      "type": "aws_subnet",
      "name": "main-public-3",
      "provider": "provider[\"registry.terraform.io/hashicorp/aws\"]",
      "instances": [
        {
          "schema_version": 1,
          "attributes": {
            "arn": "arn:aws:ec2:eu-north-1:343568180534:subnet/subnet-090cb349bab88d4ab",
            "assign_ipv6_address_on_creation": false,
            "availability_zone": "eu-north-1c",
            "availability_zone_id": "eun1-az3",
            "cidr_block": "10.0.103.0/24",
            "customer_owned_ipv4_pool": "",
            "enable_dns64": false,
            "enable_lni_at_device_index": 0,
            "enable_resource_name_dns_a_record_on_launch": false,
            "enable_resource_name_dns_aaaa_record_on_launch": false,
            "id": "subnet-090cb349bab88d4ab",
            "ipv6_cidr_block": "",
            "ipv6_cidr_block_association_id": "",
            "ipv6_native": false,
            "map_customer_owned_ip_on_launch": false,
            "map_public_ip_on_launch": true,
            "outpost_arn": "",
            "owner_id": "343568180534",
            "private_dns_hostname_type_on_launch": "ip-name",
            "tags": {
              "CreatedWith": "terraform",
              "Name": "tagal-eks-public-3",
              "kubernetes.io/cluster/tagal-eks": "owned",
              "kubernetes.io/role/internal-elb": "1"
            },
            "tags_all": {
              "CreatedWith": "terraform",
              "Name": "tagal-eks-public-3",
              "kubernetes.io/cluster/tagal-eks": "owned",
              "kubernetes.io/role/internal-elb": "1"
            },
            "timeouts": null,
            "vpc_id": "vpc-03ca2eda2dea91572"
          },
          "sensitive_attributes": [],
          "private": "eyJlMmJmYjczMC1lY2FhLTExZTYtOGY4OC0zNDM2M2JjN2M0YzAiOnsiY3JlYXRlIjo2MDAwMDAwMDAwMDAsImRlbGV0ZSI6MTIwMDAwMDAwMDAwMH0sInNjaGVtYV92ZXJzaW9uIjoiMSJ9",
          "dependencies": [
            "module.module-eks.aws_vpc.main"
          ]
        }
      ]
    },
    {
      "module": "module.module-eks",
      "mode": "managed",
      "type": "aws_vpc",
      "name": "main",
      "provider": "provider[\"registry.terraform.io/hashicorp/aws\"]",
      "instances": [
        {
          "schema_version": 1,
          "attributes": {
            "arn": "arn:aws:ec2:eu-north-1:343568180534:vpc/vpc-03ca2eda2dea91572",
            "assign_generated_ipv6_cidr_block": false,
            "cidr_block": "10.0.0.0/16",
            "default_network_acl_id": "acl-0ad88838484d184b5",
            "default_route_table_id": "rtb-0a64ad83395ca6787",
            "default_security_group_id": "sg-0edf8e21560d3a887",
            "dhcp_options_id": "dopt-0118b12bcb0f5889b",
            "enable_dns_hostnames": true,
            "enable_dns_support": true,
            "enable_network_address_usage_metrics": false,
            "id": "vpc-03ca2eda2dea91572",
            "instance_tenancy": "default",
            "ipv4_ipam_pool_id": null,
            "ipv4_netmask_length": null,
            "ipv6_association_id": "",
            "ipv6_cidr_block": "",
            "ipv6_cidr_block_network_border_group": "",
            "ipv6_ipam_pool_id": "",
            "ipv6_netmask_length": 0,
            "main_route_table_id": "rtb-0a64ad83395ca6787",
            "owner_id": "343568180534",
            "tags": {
              "CreatedWith": "terraform",
              "Name": "main-tagal-eks-vpc"
            },
            "tags_all": {
              "CreatedWith": "terraform",
              "Name": "main-tagal-eks-vpc"
            }
          },
          "sensitive_attributes": [],
          "private": "eyJzY2hlbWFfdmVyc2lvbiI6IjEifQ=="
        }
      ]
    }
  ],
  "check_results": null
}
